SITE
  remote: http://community.opscode.com/api/v1
  specs:
    apt (1.4.8)
    build-essential (1.1.2)
    dmg (1.0.0)
    git (1.0.0)
      dmg (>= 0.0.0)
      runit (>= 0.0.0)
      yum (>= 0.0.0)
    runit (0.15.0)
    yum (1.0.0)

GIT
  remote: git://github.com/mlafeldt/ps2dev-cookbook.git
  ref: 1.0.2
  sha: 6034d9454959e6f51d709c4653a51d6a048df28a
  specs:
    ps2dev (1.0.2)
      build-essential (>= 0.0.0)
      git (= 1.0.0)

DEPENDENCIES
  apt (>= 0)
  ps2dev (>= 0)

